<Solution>
  <Folder Name="/.dev-tools/">
    <File Path=".gitattributes" />
    <File Path=".gitignore" />
    <File Path="InfiniFrame.GitHubActions.Testing.Automation.slnf" />
    <File Path="InfiniFrame.NativeCopy.targets" />
    <File Path="LICENSE" />
    <File Path="native-vendor-deps.json" />
    <File Path="README.md" />
    <File Path=".editorconfig" />
    <File Path="global.json" />
    <File Path="InfiniFrame.GitHubActions.Testing.slnf" />
    <File Path="InfiniFrame.GitHubActions.Release.slnf" />
    <File Path="InfiniFrame.GitHubActions.slnf" />
  </Folder>
  <Folder Name="/.dev-tools/badges/">
    <File Path="badges/cs-coverage.json" />
    <File Path="badges/ts-coverage.json" />
  </Folder>
  <Folder Name="/.dev-tools/devcontainer/">
    <File Path=".devcontainer/devcontainer.json" />
    <File Path=".devcontainer/docker-compose.yml" />
    <File Path=".devcontainer/Dockerfile" />
    <File Path=".devcontainer/postcreate.sh" />
  </Folder>
  <Folder Name="/.dev-tools/docker/" />
  <Folder Name="/.dev-tools/docker/linux/">
    <File Path="docker/linux/docker-compose.yml" />
    <File Path="docker/linux/Dockerfile" />
    <File Path="docker/linux/entrypoint.sh" />
    <File Path="docker/linux/run-example-blazorwebview-wslg.ps1" />
    <File Path="docker/linux/run-example-blazorwebview-wslg.sh" />
    <File Path="docker/linux/run-linux-tests-wslg.ps1" />
    <File Path="docker/linux/run-linux-tests-wslg.sh" />
  </Folder>
  <Folder Name="/.dev-tools/github/">
    <File Path=".github/codeql-config.yml" />
    <File Path=".github/dependabot.yml" />
  </Folder>
  <Folder Name="/.dev-tools/github/actions/download-native-binaries/">
    <File Path=".github/actions/download-native-binaries/action.yml" />
  </Folder>
  <Folder Name="/.dev-tools/github/actions/singlefile-e2e/">
    <File Path=".github/actions/singlefile-e2e/action.yml" />
  </Folder>
  <Folder Name="/.dev-tools/github/actions/setup-dependencies-native/">
    <File Path=".github/actions/setup-dependencies-native/action.yml" />
  </Folder>
  <Folder Name="/.dev-tools/github/actions/setup-dependencies/">
    <File Path=".github/actions/setup-dependencies/action.yml" />
  </Folder>
  <Folder Name="/.dev-tools/github/actions/sync-check-finalize/">
    <File Path=".github/actions/sync-check-finalize/action.yml" />
  </Folder>
  <Folder Name="/.dev-tools/github/actions/sync-check/">
    <File Path=".github/actions/sync-check/action.yml" />
  </Folder>
  <Folder Name="/.dev-tools/github/workflows/">
    <File Path=".github/workflows/ci-release-docs.yml" />
    <File Path=".github/workflows/ci-testing.yml" />
    <File Path=".github/workflows/ci-update-native-vendor-deps.yml" />
    <File Path=".github/workflows/ci-release.yml" />
    <File Path=".github/workflows/ci-todo.yml" />
    <File Path=".github/workflows/ci-codeql.yml" />
  </Folder>
  <Folder Name="/.dev-tools/github/actions/" />
  <Folder Name="/.dev-tools/github/workflows/shared/">
    <File Path=".github/workflows/shared-coverage.yml" />
  </Folder>
  <Folder Name="/.dev-tools/github/workflows/shared/release/">
    <File Path=".github/workflows/shared-release-build.yml" />
    <File Path=".github/workflows/shared-release-bump-version.yml" />
    <File Path=".github/workflows/shared-release-publish-docs.yml" />
    <File Path=".github/workflows/shared-release-publish.yml" />
  </Folder>
  <Folder Name="/.dev-tools/github/workflows/shared/testing/">
    <File Path=".github/workflows/shared-testing-build.yml" />
    <File Path=".github/workflows/shared-testing-docs.yml" />
    <File Path=".github/workflows/shared-testing-dotnetpack.yml" />
    <File Path=".github/workflows/shared-testing-js.yml" />
    <File Path=".github/workflows/shared-testing-linux.yml" />
    <File Path=".github/workflows/shared-testing-macos.yml" />
    <File Path=".github/workflows/shared-testing-python.yml" />
    <File Path=".github/workflows/shared-testing-windows-automation.yml" />
    <File Path=".github/workflows/shared-testing-windows-trim-aot.yml" />
    <File Path=".github/workflows/shared-testing-windows.yml" />
    <File Path=".github/workflows/shared-testing.yml" />
  </Folder>
  <Folder Name="/.dev-tools/scripts/">
    <File Path="scripts/clean.ps1" />
    <File Path="scripts/clion-linux-environment.sh" />
    <File Path="scripts/nuget-install.sh" />
  </Folder>
  <Folder Name="/.dev-tools/scripts/js/">
    <File Path="scripts/js-buildfrontend.mjs" />
    <File Path="scripts/js-updatedependencies.ps1" />
  </Folder>
  <Folder Name="/.dev-tools/scripts/py/">
    <File Path="scripts/bump_version.py" />
    <File Path="scripts/coverage_report.py" />
    <File Path="scripts/sync_github_checks.py" />
    <File Path="scripts/update_native_vendor_deps.py" />
    <File Path="scripts/validate_package_id_prefix.py" />
    <File Path="scripts/__init__.py" />
  </Folder>
  <Folder Name="/docs/">
    <Project Path="docs/InfiniFrame.Docs.proj" Type="845b7716-6f03-4d02-8e86-79f95485b5d8" />
  </Folder>
  <Folder Name="/examples/">
    <File Path="examples/README.md" />
    <Project Path="examples/InfiniFrameExample.BlazorWebView/InfiniFrameExample.BlazorWebView.csproj" />
    <Project Path="examples/InfiniFrameExample.NativeMenu/InfiniFrameExample.NativeMenu.csproj" />
    <Project Path="examples/InfiniFrameExample.TrimAotSmoke/InfiniFrameExample.TrimAotSmoke.csproj" />
  </Folder>
  <Folder Name="/examples/SingleFileExe/">
    <Project Path="examples/SingleFileExe/InfiniFrameExample.SingleFileExe/InfiniFrameExample.SingleFileExe.csproj" />
    <Project Path="examples/SingleFileExe/InfiniFrameExample.SingleFileExe.MudBlazor/InfiniFrameExample.SingleFileExe.MudBlazor.csproj" />
    <Project Path="examples/SingleFileExe/InfiniFrameExample.SingleFileExe.React/InfiniFrameExample.SingleFileExe.React.csproj" />
    <Project Path="examples/SingleFileExe/InfiniFrameExample.SingleFileExe.Vue/InfiniFrameExample.SingleFileExe.Vue.csproj" />
  </Folder>
  <Folder Name="/examples/WebApp/">
    <Project Path="examples/WebApp/InfiniFrameExample.WebApp/InfiniFrameExample.WebApp.csproj" />
    <Project Path="examples/WebApp/InfiniFrameExample.WebApp.Blazor/InfiniFrameExample.WebApp.Blazor.csproj" />
    <Project Path="examples/WebApp/InfiniFrameExample.WebApp.React/InfiniFrameExample.WebApp.React.csproj" />
    <Project Path="examples/WebApp/InfiniFrameExample.WebApp.Vue/InfiniFrameExample.WebApp.Vue.csproj" />
  </Folder>
  <Folder Name="/src/">
    <Project Path="src/InfiniFrame.Blazor/InfiniFrame.Blazor.csproj" />
    <Project Path="src/InfiniFrame.BlazorWebView/InfiniFrame.BlazorWebView.csproj" />
    <Project Path="src/InfiniFrame.Js/InfiniFrame.Js.csproj" />
    <Project Path="src/InfiniFrame.NativeBridge/InfiniFrame.NativeBridge.csproj" />
    <Project Path="src/InfiniFrame.Shared/InfiniFrame.Shared.csproj" />
    <Project Path="src/InfiniFrame.SingleFile/InfiniFrame.SingleFile.csproj" />
    <Project Path="src/InfiniFrame.WebServer/InfiniFrame.WebServer.csproj" />
    <Project Path="src/InfiniFrame/InfiniFrame.csproj" />
    <File Path="Directory.Packages.props" />
    <File Path="src/AnalyzerBaseline.props" />
    <File Path="src/Directory.Build.props" />
  </Folder>
  <Folder Name="/tests/">
    <File Path="tests/Directory.Build.props" />
    <File Path="tests/Directory.Build.targets" />
    <File Path="tests/__init__.py" />
    <Project Path="tests/InfiniTests.InfiniFrame.Blazor/InfiniTests.InfiniFrame.Blazor.csproj" />
    <Project Path="tests/InfiniTests.InfiniFrame.BlazorWebView/InfiniTests.InfiniFrame.BlazorWebView.csproj" />
    <Project Path="tests/InfiniTests.InfiniFrame.Js/InfiniTests.InfiniFrame.Js.csproj" />
    <Project Path="tests/InfiniTests.InfiniFrame.NativeBridge/InfiniTests.InfiniFrame.NativeBridge.csproj" />
    <Project Path="tests/InfiniTests.InfiniFrame.Shared/InfiniTests.InfiniFrame.Shared.csproj" />
    <Project Path="tests/InfiniTests.InfiniFrame.SingleFile/InfiniTests.InfiniFrame.SingleFile.csproj" />
    <Project Path="tests/InfiniTests.InfiniFrame.WebServer/InfiniTests.InfiniFrame.WebServer.csproj" />
    <Project Path="tests/InfiniTests.InfiniFrame/InfiniTests.InfiniFrame.csproj" />
    <Project Path="tests/InfiniTests/InfiniTests.csproj" />
  </Folder>
  <Folder Name="/tests/automation/">
    <Project Path="tests/InfiniAutomationTests.WebApp/InfiniAutomationTests.WebApp.csproj" />
    <Project Path="tests/InfiniAutomationTests.WebApp.Angular/InfiniAutomationTests.WebApp.Angular.csproj" />
    <Project Path="tests/InfiniAutomationTests.BlazorWebView.MudBlazor/InfiniAutomationTests.BlazorWebView.MudBlazor.csproj" />
    <Project Path="tests/InfiniAutomationTests/InfiniAutomationTests.csproj" />
    <Project Path="tests/InfiniAutomationTests.WebApp.React/InfiniAutomationTests.WebApp.React.csproj" />
    <Project Path="tests/InfiniAutomationTests.WebApp.Vue/InfiniAutomationTests.WebApp.Vue.csproj" />
  </Folder>
  <Folder Name="/tests/scripts/">
    <File Path="tests/scripts/test_bump_version.py" />
    <File Path="tests/scripts/test_coverage_report.py" />
    <File Path="tests/scripts/test_sync_github_checks.py" />
    <File Path="tests/scripts/test_update_native_vendor_deps.py" />
    <File Path="tests/scripts/test_validate_package_id_prefix.py" />
    <File Path="tests/scripts/__init__.py" />
  </Folder>
  <Folder Name="/tests/testHosts/">
    <File Path="tests/TestHost/MacOsTestingPlatformEntryPoint.cs" />
  </Folder>
</Solution>
