<Solution>
  <Folder Name="/.dev-tools/">
    <File Path=".gitattributes" />
    <File Path=".gitignore" />
    <File Path="InfiniFrame.GitHubActions.Testing.Playwright.slnf" />
    <File Path="LICENSE" />
    <File Path="native-vendor-deps.json" />
    <File Path="README.md" />
    <File Path=".editorconfig" />
    <File Path="global.json" />
    <File Path="InfiniFrame.GitHubActions.Testing.slnf" />
    <File Path="InfiniFrame.GitHubActions.Release.slnf" />
    <File Path="InfiniFrame.GitHubActions.slnf" />
  </Folder>
  <Folder Name="/.dev-tools/github/">
    <File Path=".github/codeql-config.yml" />
    <File Path=".github/dependabot.yml" />
  </Folder>
  <Folder Name="/.dev-tools/github/actions/packtool-e2e/">
    <File Path=".github/actions/packtool-e2e/action.yml" />
  </Folder>
  <Folder Name="/.dev-tools/github/actions/setup-dependencies-native/">
    <File Path=".github/actions/setup-dependencies-native/action.yml" />
  </Folder>
  <Folder Name="/.dev-tools/github/actions/sync-check-finalize/">
    <File Path=".github/actions/sync-check-finalize/action.yml" />
  </Folder>
  <Folder Name="/.dev-tools/github/actions/sync-check/">
    <File Path=".github/actions/sync-check/action.yml" />
  </Folder>
  <Folder Name="/.dev-tools/github/actions/validate-native-test-binaries/">
    <File Path=".github/actions/validate-native-test-binaries/action.yml" />
  </Folder>
  <Folder Name="/.dev-tools/github/scripts/">
    <File Path=".github/scripts/bump_version.py" />
    <File Path=".github/scripts/sync_github_checks.py" />
    <File Path=".github/scripts/update_native_vendor_deps.py" />
    <File Path=".github/scripts/validate_package_id_prefix.py" />
  </Folder>
  <Folder Name="/.dev-tools/github/scripts/tests/">
    <File Path=".github/scripts/test_bump_version.py" />
    <File Path=".github/scripts/test_sync_github_checks.py" />
    <File Path=".github/scripts/test_update_native_vendor_deps.py" />
    <File Path=".github/scripts/test_validate_package_id_prefix.py" />
  </Folder>
  <Folder Name="/.dev-tools/github/workflows/">
    <File Path=".github/workflows/ci-release-docs.yml" />
    <File Path=".github/workflows/ci-testing.yml" />
    <File Path=".github/workflows/ci-update-native-vendor-deps.yml" />
    <File Path=".github/workflows/ci-release.yml" />
    <File Path=".github/workflows/ci-testing-python.yml" />
    <File Path=".github/workflows/ci-todo.yml" />
    <File Path=".github/workflows/ci-codeql.yml" />
  </Folder>
  <Folder Name="/.dev-tools/github/actions/" />
  <Folder Name="/.dev-tools/github/workflows/shared/">
    <File Path=".github/workflows/shared-release-build.yml" />
    <File Path=".github/workflows/shared-release-bump-version.yml" />
    <File Path=".github/workflows/shared-release-publish-docs.yml" />
    <File Path=".github/workflows/shared-release-publish.yml" />
    <File Path=".github/workflows/shared-testing-docs.yml" />
    <File Path=".github/workflows/shared-testing-linux.yml" />
    <File Path=".github/workflows/shared-testing-macos.yml" />
    <File Path=".github/workflows/shared-testing-windows.yml" />
    <File Path=".github/workflows/shared-testing-js.yml" />
    <File Path=".github/workflows/shared-testing-windows-playwright.yml" />
    <File Path=".github/workflows/shared-testing-python.yml" />
    <File Path=".github/workflows/shared-testing-windows-trim-aot.yml" />
    <File Path=".github/workflows/shared-testing.yml" />
  </Folder>
  <Folder Name="/.dev-tools/scripts/">
    <File Path="scripts/BuildFrontend.mjs" />
    <File Path="scripts/clion-linux-environment.sh" />
    <File Path="scripts/docker-linux-compose.sh" />
    <File Path="scripts/docker-linux-run-blazorwebview.sh" />
    <File Path="scripts/docker-linux-run-playwrighttests.sh" />
    <File Path="scripts/docker-linux-run-tests.sh" />
    <File Path="scripts/nuget-install.sh" />
  </Folder>
  <Folder Name="/docker/" />
  <Folder Name="/docker/compose/">
    <File Path="docker/compose/infiniframe-linux-arm64.yml" />
    <File Path="docker/compose/infiniframe-linux-wayland.yml" />
    <File Path="docker/compose/infiniframe-linux.yml" />
    <File Path="docker/compose/infiniframe-windows.yml" />
  </Folder>
  <Folder Name="/docker/infiniframe-linux-arm64/">
    <File Path="docker/infiniframe-linux-arm64/.dockerignore" />
    <File Path="docker/infiniframe-linux-arm64/Dockerfile" />
  </Folder>
  <Folder Name="/docker/infiniframe-linux-wayland/">
    <File Path="docker/infiniframe-linux-wayland/.dockerignore" />
    <File Path="docker/infiniframe-linux-wayland/common.sh" />
    <File Path="docker/infiniframe-linux-wayland/Dockerfile" />
    <File Path="docker/infiniframe-linux-wayland/example-blazorwebview.sh" />
    <File Path="docker/infiniframe-linux-wayland/playwright.sh" />
    <File Path="docker/infiniframe-linux-wayland/tests.sh" />
  </Folder>
  <Folder Name="/docker/infiniframe-linux/">
    <File Path="docker/infiniframe-linux/.dockerignore" />
    <File Path="docker/infiniframe-linux/bootstrap-workspace.sh" />
    <File Path="docker/infiniframe-linux/common.sh" />
    <File Path="docker/infiniframe-linux/Dockerfile" />
    <File Path="docker/infiniframe-linux/example-blazorwebview.sh" />
    <File Path="docker/infiniframe-linux/NuGet.Config" />
    <File Path="docker/infiniframe-linux/playwright.sh" />
    <File Path="docker/infiniframe-linux/tests.sh" />
  </Folder>
  <Folder Name="/docker/infiniframe-windows/">
    <File Path="docker/infiniframe-windows/bootstrap-workspace.ps1" />
    <File Path="docker/infiniframe-windows/common.ps1" />
    <File Path="docker/infiniframe-windows/Dockerfile" />
    <File Path="docker/infiniframe-windows/example-blazorwebview.ps1" />
    <File Path="docker/infiniframe-windows/NuGet.Config" />
    <File Path="docker/infiniframe-windows/playwright.ps1" />
    <File Path="docker/infiniframe-windows/tests.ps1" />
  </Folder>
  <Folder Name="/docker/scripts/">
    <File Path="docker/scripts/docker-linux-arm64-compose.sh" />
    <File Path="docker/scripts/docker-linux-arm64-run-blazorwebview.sh" />
    <File Path="docker/scripts/docker-linux-arm64-run-playwrighttests.sh" />
    <File Path="docker/scripts/docker-linux-arm64-run-tests.sh" />
    <File Path="docker/scripts/docker-linux-compose.sh" />
    <File Path="docker/scripts/docker-linux-run-blazorwebview.sh" />
    <File Path="docker/scripts/docker-linux-run-playwrighttests.sh" />
    <File Path="docker/scripts/docker-linux-run-tests.sh" />
    <File Path="docker/scripts/docker-linux-wayland-compose.sh" />
    <File Path="docker/scripts/docker-linux-wayland-run-blazorwebview.sh" />
    <File Path="docker/scripts/docker-linux-wayland-run-playwrighttests.sh" />
    <File Path="docker/scripts/docker-linux-wayland-run-tests.sh" />
    <File Path="docker/scripts/docker-windows-compose.ps1" />
    <File Path="docker/scripts/docker-windows-run-blazorwebview.ps1" />
    <File Path="docker/scripts/docker-windows-run-playwrighttests.ps1" />
    <File Path="docker/scripts/docker-windows-run-tests.ps1" />
  </Folder>
  <Folder Name="/docs/">
    <Project Path="docs/InfiniFrame.Docs.proj" Type="845b7716-6f03-4d02-8e86-79f95485b5d8" />
  </Folder>
  <Folder Name="/examples/">
    <File Path="examples/Directory.Build.props" />
    <Project Path="examples/InfiniFrameExample.BlazorWebView.MultiWindowSample/InfiniFrameExample.BlazorWebView.MultiWindowSample.csproj" />
    <Project Path="examples/InfiniFrameExample.BlazorWebView/InfiniFrameExample.BlazorWebView.csproj" />
    <Project Path="examples/InfiniFrameExample.SingleFileExe/InfiniFrameExample.SingleFileExe.csproj" />
    <Project Path="examples/InfiniFrameExample.TrimAotSmoke/InfiniFrameExample.TrimAotSmoke.csproj" />
    <Project Path="examples/InfiniFrameExample.WebApp.Blazor/InfiniFrameExample.WebApp.Blazor.csproj" />
    <Project Path="examples/InfiniFrameExample.WebApp.React/InfiniFrameExample.WebApp.React.csproj" />
    <Project Path="examples/InfiniFrameExample.WebApp.Vue/InfiniFrameExample.WebApp.Vue.csproj" />
  </Folder>
  <Folder Name="/src/">
    <Project Path="src/InfiniFrame.Blazor/InfiniFrame.Blazor.csproj" />
    <Project Path="src/InfiniFrame.BlazorWebView/InfiniFrame.BlazorWebView.csproj" />
    <Project Path="src/InfiniFrame.Js/InfiniFrame.Js.csproj" />
    <Project Path="src/InfiniFrame.Native/InfiniFrame.Native.proj" Type="845b7716-6f03-4d02-8e86-79f95485b5d7" />
    <Project Path="src/InfiniFrame.Shared/InfiniFrame.Shared.csproj" />
    <Project Path="src/InfiniFrame.WebServer/InfiniFrame.WebServer.csproj" />
    <Project Path="src/InfiniFrame/InfiniFrame.csproj" />
    <File Path="Directory.Packages.props" />
    <File Path="src/AnalyzerBaseline.props" />
    <File Path="src/Directory.Build.props" />
  </Folder>
  <Folder Name="/src/tools/">
    <Project Path="src/InfiniFrame.Tools.Pack/InfiniFrame.Tools.Pack.csproj" />
  </Folder>
  <Folder Name="/tests/">
    <File Path="tests/Directory.Build.props" />
    <File Path="tests/Directory.Build.targets" />
    <Project Path="tests/InfiniFrameTests.Blazor/InfiniFrameTests.Blazor.csproj" />
    <Project Path="tests/InfiniFrameTests.BlazorWebView/InfiniFrameTests.BlazorWebView.csproj" />
    <Project Path="tests/InfiniFrameTests.Playwright/InfiniFrameTests.Playwright.csproj" />
    <Project Path="tests/InfiniFrameTests.Playwright.BlazorWebView.MudBlazor/InfiniFrameTests.Playwright.BlazorWebView.MudBlazor.csproj" />
    <Project Path="tests/InfiniFrameTests.Playwright.WebApp.React/InfiniFrameTests.Playwright.WebApp.React.csproj" />
    <Project Path="tests/InfiniFrameTests.Playwright.WebApp.Vue/InfiniFrameTests.Playwright.WebApp.Vue.csproj" />
    <Project Path="tests/InfiniFrameTests.Shared/InfiniFrameTests.Shared.csproj" />
    <Project Path="tests/InfiniFrameTests.Tools.Pack/InfiniFrameTests.Tools.Pack.csproj" />
    <Project Path="tests/InfiniFrameTests.WebServer/InfiniFrameTests.WebServer.csproj" />
    <Project Path="tests/InfiniFrameTests/InfiniFrameTests.csproj" />
  </Folder>
</Solution>
