<Solution>
  <Folder Name="/.dev-tools/">
    <File Path=".gitignore" />
    <File Path="InfiniFrame.GitHubActions.WindowsPlaywright.slnf" />
    <File Path="README.md" />
    <File Path=".editorconfig" />
    <File Path="global.json" />
    <File Path="InfiniFrame.GitHubActions.Linux.slnf" />
    <File Path="InfiniFrame.GitHubActions.MacOs.slnf" />
    <File Path="InfiniFrame.GitHubActions.Pack.slnf" />
    <File Path="InfiniFrame.GitHubActions.slnf" />
    <File Path="InfiniFrame.GitHubActions.Windows.slnf" />
  </Folder>
  <Folder Name="/.dev-tools/github/">
    <File Path=".github\workflows\workflow-todo.yml" />
    <File Path=".github/dependabot.yml" />
    <File Path=".github\workflows\onPullRequest-multiPlatformTesting.yml" />
    <File Path=".github\workflows\onPullRequest-pendingCheck.yml" />
    <File Path=".github\workflows\onRelease.yml" />
  </Folder>
  <Folder Name="/.dev-tools/py/">
    <File Path="dev\bump_version.py" />
  </Folder>
  <Folder Name="/.dev-tools/web/">
    <File Path="package.json" />
    <File Path="tsconfig.json" />
    <File Path="webpack.config.js" />
  </Folder>
  <Folder Name="/example/">
    <Project Path="examples/InfiniFrameExample.BlazorWebApplication/InfiniFrameExample.BlazorWebApplication.csproj" />
    <Project Path="examples/InfiniFrameExample.BlazorWebView.MultiWindowSample/InfiniFrameExample.BlazorWebView.MultiWindowSample.csproj" />
    <Project Path="examples/InfiniFrameExample.BlazorWebView/InfiniFrameExample.BlazorWebView.csproj" />
    <Project Path="examples/InfiniFrameExample.WebApp.React/InfiniFrameExample.WebApp.React.csproj" />
    <Project Path="examples/InfiniFrameExample.WebApp.Vue/InfiniFrameExample.WebApp.Vue.csproj" />
    <File Path="examples\Directory.Build.props" />
  </Folder>
  <Folder Name="/src/">
    <Project Path="src/InfiniFrame.Blazor/InfiniFrame.Blazor.csproj" />
    <Project Path="src/InfiniFrame.BlazorWebView/InfiniFrame.BlazorWebView.csproj" />
    <Project Path="src/InfiniFrame.Js/InfiniFrame.Js.csproj" />
    <Project Path="src/InfiniFrame.Shared/InfiniFrame.Shared.csproj" />
    <Project Path="src/InfiniFrame.WebServer/InfiniFrame.WebServer.csproj" />
    <Project Path="src/InfiniFrame/InfiniFrame.csproj" />
    <File Path="Directory.Packages.props" />
    <File Path="src\Directory.Build.props" />
  </Folder>
  <Folder Name="/src/cpp/">
    <Project Path="src/InfiniFrame.Native/InfiniFrame.Native.proj" Type="845b7716-6f03-4d02-8e86-79f95485b5d7" />
  </Folder>
  <Folder Name="/tests/">
    <Project Path="tests/InfiniFrameTests.Playwright/InfiniFrameTests.Playwright.csproj" />
    <Project Path="tests/InfiniFrameTests.Shared/InfiniFrameTests.Shared.csproj" />
    <Project Path="tests/InfiniFrameTests/InfiniFrameTests.csproj" />
  </Folder>
</Solution>